// !$*UTF8*$!
{
	archiveVersion = 1;
	classes = {
	};
	objectVersion = 52;
	objects = {

/* Begin PBXBuildFile section */
		A13B6B34260712220047FA7F /* DoRefreshToken.swift in Sources */ = {isa = PBXBuildFile; fileRef = A13B6B33260712220047FA7F /* DoRefreshToken.swift */; };
		A13B6B3D26073A680047FA7F /* Mocker in Frameworks */ = {isa = PBXBuildFile; productRef = A13B6B3C26073A680047FA7F /* Mocker */; };
		A13B6B4226073AA90047FA7F /* Utils.swift in Sources */ = {isa = PBXBuildFile; fileRef = A13B6B4126073AA90047FA7F /* Utils.swift */; };
		A13B6B4726073E400047FA7F /* Fetch.swift in Sources */ = {isa = PBXBuildFile; fileRef = A13B6B4626073E400047FA7F /* Fetch.swift */; };
		A1E6E7172605FC8700A62CB5 /* BasicLoginApp.swift in Sources */ = {isa = PBXBuildFile; fileRef = A1E6E7162605FC8700A62CB5 /* BasicLoginApp.swift */; };
		A1E6E7192605FC8700A62CB5 /* ContentView.swift in Sources */ = {isa = PBXBuildFile; fileRef = A1E6E7182605FC8700A62CB5 /* ContentView.swift */; };
		A1E6E71B2605FC8800A62CB5 /* Assets.xcassets in Resources */ = {isa = PBXBuildFile; fileRef = A1E6E71A2605FC8800A62CB5 /* Assets.xcassets */; };
		A1E6E71E2605FC8800A62CB5 /* Preview Assets.xcassets in Resources */ = {isa = PBXBuildFile; fileRef = A1E6E71D2605FC8800A62CB5 /* Preview Assets.xcassets */; };
		A1E6E7292605FC8800A62CB5 /* BasicLoginTests.swift in Sources */ = {isa = PBXBuildFile; fileRef = A1E6E7282605FC8800A62CB5 /* BasicLoginTests.swift */; };
		A1E6E7342605FC8800A62CB5 /* BasicLoginUITests.swift in Sources */ = {isa = PBXBuildFile; fileRef = A1E6E7332605FC8800A62CB5 /* BasicLoginUITests.swift */; };
		A1E6E751260606C100A62CB5 /* ContentViewModel.swift in Sources */ = {isa = PBXBuildFile; fileRef = A1E6E750260606C100A62CB5 /* ContentViewModel.swift */; };
		A1E6E75A26060E5900A62CB5 /* SignInOut.swift in Sources */ = {isa = PBXBuildFile; fileRef = A1E6E75926060E5900A62CB5 /* SignInOut.swift */; };
		A1E6E75F260610B300A62CB5 /* DoGetTokens.swift in Sources */ = {isa = PBXBuildFile; fileRef = A1E6E75E260610B300A62CB5 /* DoGetTokens.swift */; };
/* End PBXBuildFile section */

/* Begin PBXContainerItemProxy section */
		A1E6E7252605FC8800A62CB5 /* PBXContainerItemProxy */ = {
			isa = PBXContainerItemProxy;
			containerPortal = A1E6E70B2605FC8700A62CB5 /* Project object */;
			proxyType = 1;
			remoteGlobalIDString = A1E6E7122605FC8700A62CB5;
			remoteInfo = BasicLogin;
		};
		A1E6E7302605FC8800A62CB5 /* PBXContainerItemProxy */ = {
			isa = PBXContainerItemProxy;
			containerPortal = A1E6E70B2605FC8700A62CB5 /* Project object */;
			proxyType = 1;
			remoteGlobalIDString = A1E6E7122605FC8700A62CB5;
			remoteInfo = BasicLogin;
		};
/* End PBXContainerItemProxy section */

/* Begin PBXFileReference section */
		A13B6B33260712220047FA7F /* DoRefreshToken.swift */ = {isa = PBXFileReference; lastKnownFileType = sourcecode.swift; path = DoRefreshToken.swift; sourceTree = "<group>"; };
		A13B6B4126073AA90047FA7F /* Utils.swift */ = {isa = PBXFileReference; lastKnownFileType = sourcecode.swift; path = Utils.swift; sourceTree = "<group>"; };
		A13B6B4626073E400047FA7F /* Fetch.swift */ = {isa = PBXFileReference; lastKnownFileType = sourcecode.swift; path = Fetch.swift; sourceTree = "<group>"; };
		A1E6E7132605FC8700A62CB5 /* BasicLogin.app */ = {isa = PBXFileReference; explicitFileType = wrapper.application; includeInIndex = 0; path = BasicLogin.app; sourceTree = BUILT_PRODUCTS_DIR; };
		A1E6E7162605FC8700A62CB5 /* BasicLoginApp.swift */ = {isa = PBXFileReference; lastKnownFileType = sourcecode.swift; path = BasicLoginApp.swift; sourceTree = "<group>"; };
		A1E6E7182605FC8700A62CB5 /* ContentView.swift */ = {isa = PBXFileReference; lastKnownFileType = sourcecode.swift; path = ContentView.swift; sourceTree = "<group>"; };
		A1E6E71A2605FC8800A62CB5 /* Assets.xcassets */ = {isa = PBXFileReference; lastKnownFileType = folder.assetcatalog; path = Assets.xcassets; sourceTree = "<group>"; };
		A1E6E71D2605FC8800A62CB5 /* Preview Assets.xcassets */ = {isa = PBXFileReference; lastKnownFileType = folder.assetcatalog; path = "Preview Assets.xcassets"; sourceTree = "<group>"; };
		A1E6E71F2605FC8800A62CB5 /* Info.plist */ = {isa = PBXFileReference; lastKnownFileType = text.plist.xml; path = Info.plist; sourceTree = "<group>"; };
		A1E6E7242605FC8800A62CB5 /* BasicLoginTests.xctest */ = {isa = PBXFileReference; explicitFileType = wrapper.cfbundle; includeInIndex = 0; path = BasicLoginTests.xctest; sourceTree = BUILT_PRODUCTS_DIR; };
		A1E6E7282605FC8800A62CB5 /* BasicLoginTests.swift */ = {isa = PBXFileReference; lastKnownFileType = sourcecode.swift; path = BasicLoginTests.swift; sourceTree = "<group>"; };
		A1E6E72A2605FC8800A62CB5 /* Info.plist */ = {isa = PBXFileReference; lastKnownFileType = text.plist.xml; path = Info.plist; sourceTree = "<group>"; };
		A1E6E72F2605FC8800A62CB5 /* BasicLoginUITests.xctest */ = {isa = PBXFileReference; explicitFileType = wrapper.cfbundle; includeInIndex = 0; path = BasicLoginUITests.xctest; sourceTree = BUILT_PRODUCTS_DIR; };
		A1E6E7332605FC8800A62CB5 /* BasicLoginUITests.swift */ = {isa = PBXFileReference; lastKnownFileType = sourcecode.swift; path = BasicLoginUITests.swift; sourceTree = "<group>"; };
		A1E6E7352605FC8800A62CB5 /* Info.plist */ = {isa = PBXFileReference; lastKnownFileType = text.plist.xml; path = Info.plist; sourceTree = "<group>"; };
		A1E6E750260606C100A62CB5 /* ContentViewModel.swift */ = {isa = PBXFileReference; lastKnownFileType = sourcecode.swift; path = ContentViewModel.swift; sourceTree = "<group>"; };
		A1E6E75926060E5900A62CB5 /* SignInOut.swift */ = {isa = PBXFileReference; lastKnownFileType = sourcecode.swift; path = SignInOut.swift; sourceTree = "<group>"; };
		A1E6E75E260610B300A62CB5 /* DoGetTokens.swift */ = {isa = PBXFileReference; lastKnownFileType = sourcecode.swift; path = DoGetTokens.swift; sourceTree = "<group>"; };
/* End PBXFileReference section */

/* Begin PBXFrameworksBuildPhase section */
		A1E6E7102605FC8700A62CB5 /* Frameworks */ = {
			isa = PBXFrameworksBuildPhase;
			buildActionMask = 2147483647;
			files = (
				A13B6B3D26073A680047FA7F /* Mocker in Frameworks */,
			);
			runOnlyForDeploymentPostprocessing = 0;
		};
		A1E6E7212605FC8800A62CB5 /* Frameworks */ = {
			isa = PBXFrameworksBuildPhase;
			buildActionMask = 2147483647;
			files = (
			);
			runOnlyForDeploymentPostprocessing = 0;
		};
		A1E6E72C2605FC8800A62CB5 /* Frameworks */ = {
			isa = PBXFrameworksBuildPhase;
			buildActionMask = 2147483647;
			files = (
			);
			runOnlyForDeploymentPostprocessing = 0;
		};
/* End PBXFrameworksBuildPhase section */

/* Begin PBXGroup section */
		A1E6E70A2605FC8700A62CB5 = {
			isa = PBXGroup;
			children = (
				A1E6E7152605FC8700A62CB5 /* BasicLogin */,
				A1E6E7272605FC8800A62CB5 /* BasicLoginTests */,
				A1E6E7322605FC8800A62CB5 /* BasicLoginUITests */,
				A1E6E7142605FC8700A62CB5 /* Products */,
			);
			sourceTree = "<group>";
		};
		A1E6E7142605FC8700A62CB5 /* Products */ = {
			isa = PBXGroup;
			children = (
				A1E6E7132605FC8700A62CB5 /* BasicLogin.app */,
				A1E6E7242605FC8800A62CB5 /* BasicLoginTests.xctest */,
				A1E6E72F2605FC8800A62CB5 /* BasicLoginUITests.xctest */,
			);
			name = Products;
			sourceTree = "<group>";
		};
		A1E6E7152605FC8700A62CB5 /* BasicLogin */ = {
			isa = PBXGroup;
			children = (
				A1E6E7162605FC8700A62CB5 /* BasicLoginApp.swift */,
				A1E6E7182605FC8700A62CB5 /* ContentView.swift */,
				A1E6E75826060E3B00A62CB5 /* ContentViewModel */,
				A1E6E71A2605FC8800A62CB5 /* Assets.xcassets */,
				A1E6E71F2605FC8800A62CB5 /* Info.plist */,
				A1E6E71C2605FC8800A62CB5 /* Preview Content */,
				A13B6B4126073AA90047FA7F /* Utils.swift */,
			);
			path = BasicLogin;
			sourceTree = "<group>";
		};
		A1E6E71C2605FC8800A62CB5 /* Preview Content */ = {
			isa = PBXGroup;
			children = (
				A1E6E71D2605FC8800A62CB5 /* Preview Assets.xcassets */,
			);
			path = "Preview Content";
			sourceTree = "<group>";
		};
		A1E6E7272605FC8800A62CB5 /* BasicLoginTests */ = {
			isa = PBXGroup;
			children = (
				A1E6E7282605FC8800A62CB5 /* BasicLoginTests.swift */,
				A1E6E72A2605FC8800A62CB5 /* Info.plist */,
			);
			path = BasicLoginTests;
			sourceTree = "<group>";
		};
		A1E6E7322605FC8800A62CB5 /* BasicLoginUITests */ = {
			isa = PBXGroup;
			children = (
				A1E6E7332605FC8800A62CB5 /* BasicLoginUITests.swift */,
				A1E6E7352605FC8800A62CB5 /* Info.plist */,
			);
			path = BasicLoginUITests;
			sourceTree = "<group>";
		};
		A1E6E75826060E3B00A62CB5 /* ContentViewModel */ = {
			isa = PBXGroup;
			children = (
				A1E6E750260606C100A62CB5 /* ContentViewModel.swift */,
				A1E6E75926060E5900A62CB5 /* SignInOut.swift */,
				A1E6E75E260610B300A62CB5 /* DoGetTokens.swift */,
				A13B6B33260712220047FA7F /* DoRefreshToken.swift */,
				A13B6B4626073E400047FA7F /* Fetch.swift */,
			);
			path = ContentViewModel;
			sourceTree = "<group>";
		};
/* End PBXGroup section */

/* Begin PBXNativeTarget section */
		A1E6E7122605FC8700A62CB5 /* BasicLogin */ = {
			isa = PBXNativeTarget;
			buildConfigurationList = A1E6E7382605FC8800A62CB5 /* Build configuration list for PBXNativeTarget "BasicLogin" */;
			buildPhases = (
				A1E6E70F2605FC8700A62CB5 /* Sources */,
				A1E6E7102605FC8700A62CB5 /* Frameworks */,
				A1E6E7112605FC8700A62CB5 /* Resources */,
			);
			buildRules = (
			);
			dependencies = (
			);
			name = BasicLogin;
			packageProductDependencies = (
				A13B6B3C26073A680047FA7F /* Mocker */,
			);
			productName = BasicLogin;
			productReference = A1E6E7132605FC8700A62CB5 /* BasicLogin.app */;
			productType = "com.apple.product-type.application";
		};
		A1E6E7232605FC8800A62CB5 /* BasicLoginTests */ = {
			isa = PBXNativeTarget;
			buildConfigurationList = A1E6E73B2605FC8800A62CB5 /* Build configuration list for PBXNativeTarget "BasicLoginTests" */;
			buildPhases = (
				A1E6E7202605FC8800A62CB5 /* Sources */,
				A1E6E7212605FC8800A62CB5 /* Frameworks */,
				A1E6E7222605FC8800A62CB5 /* Resources */,
			);
			buildRules = (
			);
			dependencies = (
				A1E6E7262605FC8800A62CB5 /* PBXTargetDependency */,
			);
			name = BasicLoginTests;
			productName = BasicLoginTests;
			productReference = A1E6E7242605FC8800A62CB5 /* BasicLoginTests.xctest */;
			productType = "com.apple.product-type.bundle.unit-test";
		};
		A1E6E72E2605FC8800A62CB5 /* BasicLoginUITests */ = {
			isa = PBXNativeTarget;
			buildConfigurationList = A1E6E73E2605FC8800A62CB5 /* Build configuration list for PBXNativeTarget "BasicLoginUITests" */;
			buildPhases = (
				A1E6E72B2605FC8800A62CB5 /* Sources */,
				A1E6E72C2605FC8800A62CB5 /* Frameworks */,
				A1E6E72D2605FC8800A62CB5 /* Resources */,
			);
			buildRules = (
			);
			dependencies = (
				A1E6E7312605FC8800A62CB5 /* PBXTargetDependency */,
			);
			name = BasicLoginUITests;
			productName = BasicLoginUITests;
			productReference = A1E6E72F2605FC8800A62CB5 /* BasicLoginUITests.xctest */;
			productType = "com.apple.product-type.bundle.ui-testing";
		};
/* End PBXNativeTarget section */

/* Begin PBXProject section */
		A1E6E70B2605FC8700A62CB5 /* Project object */ = {
			isa = PBXProject;
			attributes = {
				LastSwiftUpdateCheck = 1240;
				LastUpgradeCheck = 1240;
				TargetAttributes = {
					A1E6E7122605FC8700A62CB5 = {
						CreatedOnToolsVersion = 12.4;
					};
					A1E6E7232605FC8800A62CB5 = {
						CreatedOnToolsVersion = 12.4;
						TestTargetID = A1E6E7122605FC8700A62CB5;
					};
					A1E6E72E2605FC8800A62CB5 = {
						CreatedOnToolsVersion = 12.4;
						TestTargetID = A1E6E7122605FC8700A62CB5;
					};
				};
			};
			buildConfigurationList = A1E6E70E2605FC8700A62CB5 /* Build configuration list for PBXProject "BasicLogin" */;
			compatibilityVersion = "Xcode 9.3";
			developmentRegion = en;
			hasScannedForEncodings = 0;
			knownRegions = (
				en,
				Base,
			);
			mainGroup = A1E6E70A2605FC8700A62CB5;
			packageReferences = (
				A13B6B3B26073A680047FA7F /* XCRemoteSwiftPackageReference "Mocker" */,
			);
			productRefGroup = A1E6E7142605FC8700A62CB5 /* Products */;
			projectDirPath = "";
			projectRoot = "";
			targets = (
				A1E6E7122605FC8700A62CB5 /* BasicLogin */,
				A1E6E7232605FC8800A62CB5 /* BasicLoginTests */,
				A1E6E72E2605FC8800A62CB5 /* BasicLoginUITests */,
			);
		};
/* End PBXProject section */

/* Begin PBXResourcesBuildPhase section */
		A1E6E7112605FC8700A62CB5 /* Resources */ = {
			isa = PBXResourcesBuildPhase;
			buildActionMask = 2147483647;
			files = (
				A1E6E71E2605FC8800A62CB5 /* Preview Assets.xcassets in Resources */,
				A1E6E71B2605FC8800A62CB5 /* Assets.xcassets in Resources */,
			);
			runOnlyForDeploymentPostprocessing = 0;
		};
		A1E6E7222605FC8800A62CB5 /* Resources */ = {
			isa = PBXResourcesBuildPhase;
			buildActionMask = 2147483647;
			files = (
			);
			runOnlyForDeploymentPostprocessing = 0;
		};
		A1E6E72D2605FC8800A62CB5 /* Resources */ = {
			isa = PBXResourcesBuildPhase;
			buildActionMask = 2147483647;
			files = (
			);
			runOnlyForDeploymentPostprocessing = 0;
		};
/* End PBXResourcesBuildPhase section */

/* Begin PBXSourcesBuildPhase section */
		A1E6E70F2605FC8700A62CB5 /* Sources */ = {
			isa = PBXSourcesBuildPhase;
			buildActionMask = 2147483647;
			files = (
				A13B6B4726073E400047FA7F /* Fetch.swift in Sources */,
				A13B6B34260712220047FA7F /* DoRefreshToken.swift in Sources */,
				A1E6E7192605FC8700A62CB5 /* ContentView.swift in Sources */,
				A1E6E7172605FC8700A62CB5 /* BasicLoginApp.swift in Sources */,
				A13B6B4226073AA90047FA7F /* Utils.swift in Sources */,
				A1E6E75A26060E5900A62CB5 /* SignInOut.swift in Sources */,
				A1E6E75F260610B300A62CB5 /* DoGetTokens.swift in Sources */,
				A1E6E751260606C100A62CB5 /* ContentViewModel.swift in Sources */,
			);
			runOnlyForDeploymentPostprocessing = 0;
		};
		A1E6E7202605FC8800A62CB5 /* Sources */ = {
			isa = PBXSourcesBuildPhase;
			buildActionMask = 2147483647;
			files = (
				A1E6E7292605FC8800A62CB5 /* BasicLoginTests.swift in Sources */,
			);
			runOnlyForDeploymentPostprocessing = 0;
		};
		A1E6E72B2605FC8800A62CB5 /* Sources */ = {
			isa = PBXSourcesBuildPhase;
			buildActionMask = 2147483647;
			files = (
				A1E6E7342605FC8800A62CB5 /* BasicLoginUITests.swift in Sources */,
			);
			runOnlyForDeploymentPostprocessing = 0;
		};
/* End PBXSourcesBuildPhase section */

/* Begin PBXTargetDependency section */
		A1E6E7262605FC8800A62CB5 /* PBXTargetDependency */ = {
			isa = PBXTargetDependency;
			target = A1E6E7122605FC8700A62CB5 /* BasicLogin */;
			targetProxy = A1E6E7252605FC8800A62CB5 /* PBXContainerItemProxy */;
		};
		A1E6E7312605FC8800A62CB5 /* PBXTargetDependency */ = {
			isa = PBXTargetDependency;
			target = A1E6E7122605FC8700A62CB5 /* BasicLogin */;
			targetProxy = A1E6E7302605FC8800A62CB5 /* PBXContainerItemProxy */;
		};
/* End PBXTargetDependency section */

/* Begin XCBuildConfiguration section */
		A1E6E7362605FC8800A62CB5 /* Debug */ = {
			isa = XCBuildConfiguration;
			buildSettings = {
				ALWAYS_SEARCH_USER_PATHS = NO;
				CLANG_ANALYZER_NONNULL = YES;
				CLANG_ANALYZER_NUMBER_OBJECT_CONVERSION = YES_AGGRESSIVE;
				CLANG_CXX_LANGUAGE_STANDARD = "gnu++14";
				CLANG_CXX_LIBRARY = "libc++";
				CLANG_ENABLE_MODULES = YES;
				CLANG_ENABLE_OBJC_ARC = YES;
				CLANG_ENABLE_OBJC_WEAK = YES;
				CLANG_WARN_BLOCK_CAPTURE_AUTORELEASING = YES;
				CLANG_WARN_BOOL_CONVERSION = YES;
				CLANG_WARN_COMMA = YES;
				CLANG_WARN_CONSTANT_CONVERSION = YES;
				CLANG_WARN_DEPRECATED_OBJC_IMPLEMENTATIONS = YES;
				CLANG_WARN_DIRECT_OBJC_ISA_USAGE = YES_ERROR;
				CLANG_WARN_DOCUMENTATION_COMMENTS = YES;
				CLANG_WARN_EMPTY_BODY = YES;
				CLANG_WARN_ENUM_CONVERSION = YES;
				CLANG_WARN_INFINITE_RECURSION = YES;
				CLANG_WARN_INT_CONVERSION = YES;
				CLANG_WARN_NON_LITERAL_NULL_CONVERSION = YES;
				CLANG_WARN_OBJC_IMPLICIT_RETAIN_SELF = YES;
				CLANG_WARN_OBJC_LITERAL_CONVERSION = YES;
				CLANG_WARN_OBJC_ROOT_CLASS = YES_ERROR;
				CLANG_WARN_QUOTED_INCLUDE_IN_FRAMEWORK_HEADER = YES;
				CLANG_WARN_RANGE_LOOP_ANALYSIS = YES;
				CLANG_WARN_STRICT_PROTOTYPES = YES;
				CLANG_WARN_SUSPICIOUS_MOVE = YES;
				CLANG_WARN_UNGUARDED_AVAILABILITY = YES_AGGRESSIVE;
				CLANG_WARN_UNREACHABLE_CODE = YES;
				CLANG_WARN__DUPLICATE_METHOD_MATCH = YES;
				COPY_PHASE_STRIP = NO;
				DEBUG_INFORMATION_FORMAT = dwarf;
				ENABLE_STRICT_OBJC_MSGSEND = YES;
				ENABLE_TESTABILITY = YES;
				GCC_C_LANGUAGE_STANDARD = gnu11;
				GCC_DYNAMIC_NO_PIC = NO;
				GCC_NO_COMMON_BLOCKS = YES;
				GCC_OPTIMIZATION_LEVEL = 0;
				GCC_PREPROCESSOR_DEFINITIONS = (
					"DEBUG=1",
					"$(inherited)",
				);
				GCC_WARN_64_TO_32_BIT_CONVERSION = YES;
				GCC_WARN_ABOUT_RETURN_TYPE = YES_ERROR;
				GCC_WARN_UNDECLARED_SELECTOR = YES;
				GCC_WARN_UNINITIALIZED_AUTOS = YES_AGGRESSIVE;
				GCC_WARN_UNUSED_FUNCTION = YES;
				GCC_WARN_UNUSED_VARIABLE = YES;
				IPHONEOS_DEPLOYMENT_TARGET = 14.4;
				MTL_ENABLE_DEBUG_INFO = INCLUDE_SOURCE;
				MTL_FAST_MATH = YES;
				ONLY_ACTIVE_ARCH = YES;
				SDKROOT = iphoneos;
				SWIFT_ACTIVE_COMPILATION_CONDITIONS = DEBUG;
				SWIFT_OPTIMIZATION_LEVEL = "-Onone";
			};
			name = Debug;
		};
		A1E6E7372605FC8800A62CB5 /* Release */ = {
			isa = XCBuildConfiguration;
			buildSettings = {
				ALWAYS_SEARCH_USER_PATHS = NO;
				CLANG_ANALYZER_NONNULL = YES;
				CLANG_ANALYZER_NUMBER_OBJECT_CONVERSION = YES_AGGRESSIVE;
				CLANG_CXX_LANGUAGE_STANDARD = "gnu++14";
				CLANG_CXX_LIBRARY = "libc++";
				CLANG_ENABLE_MODULES = YES;
				CLANG_ENABLE_OBJC_ARC = YES;
				CLANG_ENABLE_OBJC_WEAK = YES;
				CLANG_WARN_BLOCK_CAPTURE_AUTORELEASING = YES;
				CLANG_WARN_BOOL_CONVERSION = YES;
				CLANG_WARN_COMMA = YES;
				CLANG_WARN_CONSTANT_CONVERSION = YES;
				CLANG_WARN_DEPRECATED_OBJC_IMPLEMENTATIONS = YES;
				CLANG_WARN_DIRECT_OBJC_ISA_USAGE = YES_ERROR;
				CLANG_WARN_DOCUMENTATION_COMMENTS = YES;
				CLANG_WARN_EMPTY_BODY = YES;
				CLANG_WARN_ENUM_CONVERSION = YES;
				CLANG_WARN_INFINITE_RECURSION = YES;
				CLANG_WARN_INT_CONVERSION = YES;
				CLANG_WARN_NON_LITERAL_NULL_CONVERSION = YES;
				CLANG_WARN_OBJC_IMPLICIT_RETAIN_SELF = YES;
				CLANG_WARN_OBJC_LITERAL_CONVERSION = YES;
				CLANG_WARN_OBJC_ROOT_CLASS = YES_ERROR;
				CLANG_WARN_QUOTED_INCLUDE_IN_FRAMEWORK_HEADER = YES;
				CLANG_WARN_RANGE_LOOP_ANALYSIS = YES;
				CLANG_WARN_STRICT_PROTOTYPES = YES;
				CLANG_WARN_SUSPICIOUS_MOVE = YES;
				CLANG_WARN_UNGUARDED_AVAILABILITY = YES_AGGRESSIVE;
				CLANG_WARN_UNREACHABLE_CODE = YES;
				CLANG_WARN__DUPLICATE_METHOD_MATCH = YES;
				COPY_PHASE_STRIP = NO;
				DEBUG_INFORMATION_FORMAT = "dwarf-with-dsym";
				ENABLE_NS_ASSERTIONS = NO;
				ENABLE_STRICT_OBJC_MSGSEND = YES;
				GCC_C_LANGUAGE_STANDARD = gnu11;
				GCC_NO_COMMON_BLOCKS = YES;
				GCC_WARN_64_TO_32_BIT_CONVERSION = YES;
				GCC_WARN_ABOUT_RETURN_TYPE = YES_ERROR;
				GCC_WARN_UNDECLARED_SELECTOR = YES;
				GCC_WARN_UNINITIALIZED_AUTOS = YES_AGGRESSIVE;
				GCC_WARN_UNUSED_FUNCTION = YES;
				GCC_WARN_UNUSED_VARIABLE = YES;
				IPHONEOS_DEPLOYMENT_TARGET = 14.4;
				MTL_ENABLE_DEBUG_INFO = NO;
				MTL_FAST_MATH = YES;
				SDKROOT = iphoneos;
				SWIFT_COMPILATION_MODE = wholemodule;
				SWIFT_OPTIMIZATION_LEVEL = "-O";
				VALIDATE_PRODUCT = YES;
			};
			name = Release;
		};
		A1E6E7392605FC8800A62CB5 /* Debug */ = {
			isa = XCBuildConfiguration;
			buildSettings = {
				ASSETCATALOG_COMPILER_APPICON_NAME = AppIcon;
				ASSETCATALOG_COMPILER_GLOBAL_ACCENT_COLOR_NAME = AccentColor;
				CODE_SIGN_STYLE = Automatic;
				DEVELOPMENT_ASSET_PATHS = "\"BasicLogin/Preview Content\"";
				ENABLE_PREVIEWS = YES;
				ENABLE_TESTING_SEARCH_PATHS = YES;
				INFOPLIST_FILE = BasicLogin/Info.plist;
				IPHONEOS_DEPLOYMENT_TARGET = 14.0;
				LD_RUNPATH_SEARCH_PATHS = (
					"$(inherited)",
					"@executable_path/Frameworks",
				);
				PRODUCT_BUNDLE_IDENTIFIER = GoTeamGo.BasicLogin;
				PRODUCT_NAME = "$(TARGET_NAME)";
				SWIFT_VERSION = 5.0;
				TARGETED_DEVICE_FAMILY = "1,2";
			};
			name = Debug;
		};
		A1E6E73A2605FC8800A62CB5 /* Release */ = {
			isa = XCBuildConfiguration;
			buildSettings = {
				ASSETCATALOG_COMPILER_APPICON_NAME = AppIcon;
				ASSETCATALOG_COMPILER_GLOBAL_ACCENT_COLOR_NAME = AccentColor;
				CODE_SIGN_STYLE = Automatic;
				DEVELOPMENT_ASSET_PATHS = "\"BasicLogin/Preview Content\"";
				ENABLE_PREVIEWS = YES;
				ENABLE_TESTING_SEARCH_PATHS = YES;
				INFOPLIST_FILE = BasicLogin/Info.plist;
				IPHONEOS_DEPLOYMENT_TARGET = 14.0;
				LD_RUNPATH_SEARCH_PATHS = (
					"$(inherited)",
					"@executable_path/Frameworks",
				);
				PRODUCT_BUNDLE_IDENTIFIER = GoTeamGo.BasicLogin;
				PRODUCT_NAME = "$(TARGET_NAME)";
				SWIFT_VERSION = 5.0;
				TARGETED_DEVICE_FAMILY = "1,2";
			};
			name = Release;
		};
		A1E6E73C2605FC8800A62CB5 /* Debug */ = {
			isa = XCBuildConfiguration;
			buildSettings = {
				ALWAYS_EMBED_SWIFT_STANDARD_LIBRARIES = YES;
				BUNDLE_LOADER = "$(TEST_HOST)";
				CODE_SIGN_STYLE = Automatic;
				INFOPLIST_FILE = BasicLoginTests/Info.plist;
				IPHONEOS_DEPLOYMENT_TARGET = 14.0;
				LD_RUNPATH_SEARCH_PATHS = (
					"$(inherited)",
					"@executable_path/Frameworks",
					"@loader_path/Frameworks",
				);
				PRODUCT_BUNDLE_IDENTIFIER = GoTeamGo.BasicLoginTests;
				PRODUCT_NAME = "$(TARGET_NAME)";
				SWIFT_VERSION = 5.0;
				TARGETED_DEVICE_FAMILY = "1,2";
				TEST_HOST = "$(BUILT_PRODUCTS_DIR)/BasicLogin.app/BasicLogin";
			};
			name = Debug;
		};
		A1E6E73D2605FC8800A62CB5 /* Release */ = {
			isa = XCBuildConfiguration;
			buildSettings = {
				ALWAYS_EMBED_SWIFT_STANDARD_LIBRARIES = YES;
				BUNDLE_LOADER = "$(TEST_HOST)";
				CODE_SIGN_STYLE = Automatic;
				INFOPLIST_FILE = BasicLoginTests/Info.plist;
				IPHONEOS_DEPLOYMENT_TARGET = 14.0;
				LD_RUNPATH_SEARCH_PATHS = (
					"$(inherited)",
					"@executable_path/Frameworks",
					"@loader_path/Frameworks",
				);
				PRODUCT_BUNDLE_IDENTIFIER = GoTeamGo.BasicLoginTests;
				PRODUCT_NAME = "$(TARGET_NAME)";
				SWIFT_VERSION = 5.0;
				TARGETED_DEVICE_FAMILY = "1,2";
				TEST_HOST = "$(BUILT_PRODUCTS_DIR)/BasicLogin.app/BasicLogin";
			};
			name = Release;
		};
		A1E6E73F2605FC8800A62CB5 /* Debug */ = {
			isa = XCBuildConfiguration;
			buildSettings = {
				ALWAYS_EMBED_SWIFT_STANDARD_LIBRARIES = YES;
				CODE_SIGN_STYLE = Automatic;
				INFOPLIST_FILE = BasicLoginUITests/Info.plist;
				LD_RUNPATH_SEARCH_PATHS = (
					"$(inherited)",
					"@executable_path/Frameworks",
					"@loader_path/Frameworks",
				);
				PRODUCT_BUNDLE_IDENTIFIER = GoTeamGo.BasicLoginUITests;
				PRODUCT_NAME = "$(TARGET_NAME)";
				SWIFT_VERSION = 5.0;
				TARGETED_DEVICE_FAMILY = "1,2";
				TEST_TARGET_NAME = BasicLogin;
			};
			name = Debug;
		};
		A1E6E7402605FC8800A62CB5 /* Release */ = {
			isa = XCBuildConfiguration;
			buildSettings = {
				ALWAYS_EMBED_SWIFT_STANDARD_LIBRARIES = YES;
				CODE_SIGN_STYLE = Automatic;
				INFOPLIST_FILE = BasicLoginUITests/Info.plist;
				LD_RUNPATH_SEARCH_PATHS = (
					"$(inherited)",
					"@executable_path/Frameworks",
					"@loader_path/Frameworks",
				);
				PRODUCT_BUNDLE_IDENTIFIER = GoTeamGo.BasicLoginUITests;
				PRODUCT_NAME = "$(TARGET_NAME)";
				SWIFT_VERSION = 5.0;
				TARGETED_DEVICE_FAMILY = "1,2";
				TEST_TARGET_NAME = BasicLogin;
			};
			name = Release;
		};
/* End XCBuildConfiguration section */

/* Begin XCConfigurationList section */
		A1E6E70E2605FC8700A62CB5 /* Build configuration list for PBXProject "BasicLogin" */ = {
			isa = XCConfigurationList;
			buildConfigurations = (
				A1E6E7362605FC8800A62CB5 /* Debug */,
				A1E6E7372605FC8800A62CB5 /* Release */,
			);
			defaultConfigurationIsVisible = 0;
			defaultConfigurationName = Release;
		};
		A1E6E7382605FC8800A62CB5 /* Build configuration list for PBXNativeTarget "BasicLogin" */ = {
			isa = XCConfigurationList;
			buildConfigurations = (
				A1E6E7392605FC8800A62CB5 /* Debug */,
				A1E6E73A2605FC8800A62CB5 /* Release */,
			);
			defaultConfigurationIsVisible = 0;
			defaultConfigurationName = Release;
		};
		A1E6E73B2605FC8800A62CB5 /* Build configuration list for PBXNativeTarget "BasicLoginTests" */ = {
			isa = XCConfigurationList;
			buildConfigurations = (
				A1E6E73C2605FC8800A62CB5 /* Debug */,
				A1E6E73D2605FC8800A62CB5 /* Release */,
			);
			defaultConfigurationIsVisible = 0;
			defaultConfigurationName = Release;
		};
		A1E6E73E2605FC8800A62CB5 /* Build configuration list for PBXNativeTarget "BasicLoginUITests" */ = {
			isa = XCConfigurationList;
			buildConfigurations = (
				A1E6E73F2605FC8800A62CB5 /* Debug */,
				A1E6E7402605FC8800A62CB5 /* Release */,
			);
			defaultConfigurationIsVisible = 0;
			defaultConfigurationName = Release;
		};
/* End XCConfigurationList section */

/* Begin XCRemoteSwiftPackageReference section */
		A13B6B3B26073A680047FA7F /* XCRemoteSwiftPackageReference "Mocker" */ = {
			isa = XCRemoteSwiftPackageReference;
			repositoryURL = "https://github.com/WeTransfer/Mocker.git";
			requirement = {
				kind = upToNextMajorVersion;
				minimumVersion = 2.5.2;
			};
		};
/* End XCRemoteSwiftPackageReference section */

/* Begin XCSwiftPackageProductDependency section */
		A13B6B3C26073A680047FA7F /* Mocker */ = {
			isa = XCSwiftPackageProductDependency;
			package = A13B6B3B26073A680047FA7F /* XCRemoteSwiftPackageReference "Mocker" */;
			productName = Mocker;
		};
/* End XCSwiftPackageProductDependency section */
	};
	rootObject = A1E6E70B2605FC8700A62CB5 /* Project object */;
}
